
Microsoft Visual Studio Solution File, Format Version 12.00
# Visual Studio Version 16
VisualStudioVersion = 16.0.32228.343
MinimumVisualStudioVersion = 10.0.40219.1
Project("{FAE04EC0-301F-11D3-BF4B-00C04F79EFBC}") = "DirectoriesAndFiles", "DirectoriesAndFiles\DirectoriesAndFiles.csproj", "{7E6B3741-21F3-49E5-9DFD-A22911F6B9DD}"
EndProject
Project("{FAE04EC0-301F-11D3-BF4B-00C04F79EFBC}") = "WishList", "WishList\WishList.csproj", "{AC17347A-32B7-4C20-B6BD-DBF3150E5C5C}"
EndProject
Project("{FAE04EC0-301F-11D3-BF4B-00C04F79EFBC}") = "MyWishListFile", "MyWishListFile\MyWishListFile.csproj", "{1DB5D90C-39BE-4F9D-B6D0-DEB39C9E7CFF}"
EndProject
Project("{FAE04EC0-301F-11D3-BF4B-00C04F79EFBC}") = "ShoppingList", "ShoppingList\ShoppingList.csproj", "{D3D941A8-CA9F-4FA1-ADEE-DE5C1A57CF65}"
EndProject
Project("{FAE04EC0-301F-11D3-BF4B-00C04F79EFBC}") = "ShopingListAdd", "ShopingListAdd\ShopingListAdd.csproj", "{78B163CD-6D7E-4C6A-9C24-54EC2CF95B6F}"
EndProject
Global
	GlobalSection(SolutionConfigurationPlatforms) = preSolution
		Debug|Any CPU = Debug|Any CPU
		Release|Any CPU = Release|Any CPU
	EndGlobalSection
	GlobalSection(ProjectConfigurationPlatforms) = postSolution
		{7E6B3741-21F3-49E5-9DFD-A22911F6B9DD}.Debug|Any CPU.ActiveCfg = Debug|Any CPU
		{7E6B3741-21F3-49E5-9DFD-A22911F6B9DD}.Debug|Any CPU.Build.0 = Debug|Any CPU
		{7E6B3741-21F3-49E5-9DFD-A22911F6B9DD}.Release|Any CPU.ActiveCfg = Release|Any CPU
		{7E6B3741-21F3-49E5-9DFD-A22911F6B9DD}.Release|Any CPU.Build.0 = Release|Any CPU
		{AC17347A-32B7-4C20-B6BD-DBF3150E5C5C}.Debug|Any CPU.ActiveCfg = Debug|Any CPU
		{AC17347A-32B7-4C20-B6BD-DBF3150E5C5C}.Debug|Any CPU.Build.0 = Debug|Any CPU
		{AC17347A-32B7-4C20-B6BD-DBF3150E5C5C}.Release|Any CPU.ActiveCfg = Release|Any CPU
		{AC17347A-32B7-4C20-B6BD-DBF3150E5C5C}.Release|Any CPU.Build.0 = Release|Any CPU
		{1DB5D90C-39BE-4F9D-B6D0-DEB39C9E7CFF}.Debug|Any CPU.ActiveCfg = Debug|Any CPU
		{1DB5D90C-39BE-4F9D-B6D0-DEB39C9E7CFF}.Debug|Any CPU.Build.0 = Debug|Any CPU
		{1DB5D90C-39BE-4F9D-B6D0-DEB39C9E7CFF}.Release|Any CPU.ActiveCfg = Release|Any CPU
		{1DB5D90C-39BE-4F9D-B6D0-DEB39C9E7CFF}.Release|Any CPU.Build.0 = Release|Any CPU
		{D3D941A8-CA9F-4FA1-ADEE-DE5C1A57CF65}.Debug|Any CPU.ActiveCfg = Debug|Any CPU
		{D3D941A8-CA9F-4FA1-ADEE-DE5C1A57CF65}.Debug|Any CPU.Build.0 = Debug|Any CPU
		{D3D941A8-CA9F-4FA1-ADEE-DE5C1A57CF65}.Release|Any CPU.ActiveCfg = Release|Any CPU
		{D3D941A8-CA9F-4FA1-ADEE-DE5C1A57CF65}.Release|Any CPU.Build.0 = Release|Any CPU
		{78B163CD-6D7E-4C6A-9C24-54EC2CF95B6F}.Debug|Any CPU.ActiveCfg = Debug|Any CPU
		{78B163CD-6D7E-4C6A-9C24-54EC2CF95B6F}.Debug|Any CPU.Build.0 = Debug|Any CPU
		{78B163CD-6D7E-4C6A-9C24-54EC2CF95B6F}.Release|Any CPU.ActiveCfg = Release|Any CPU
		{78B163CD-6D7E-4C6A-9C24-54EC2CF95B6F}.Release|Any CPU.Build.0 = Release|Any CPU
	EndGlobalSection
	GlobalSection(SolutionProperties) = preSolution
		HideSolutionNode = FALSE
	EndGlobalSection
	GlobalSection(ExtensibilityGlobals) = postSolution
		SolutionGuid = {85DFCDA7-F8DF-4986-BBBE-4A31AF194D89}
	EndGlobalSection
EndGlobal
